# THIS IS AN AUTOGENERATED FILE. DO NOT EDIT THIS FILE DIRECTLY.
# yarn lockfile v1


array-move@^3.0.1:
  version "3.0.1"
  resolved "https://registry.yarnpkg.com/array-move/-/array-move-3.0.1.tgz#179645cc0987b65953a4fc06b6df9045e4ba9618"
  integrity sha512-H3Of6NIn2nNU1gsVDqDnYKY/LCdWvCMMOWifNGhKcVQgiZ6nOek39aESOvro6zmueP07exSl93YLvkN4fZOkSg==
